
Microsoft Visual Studio Solution File, Format Version 12.00
# Visual Studio 15
VisualStudioVersion = 15.0.27703.2047
MinimumVisualStudioVersion = 10.0.40219.1
Project("{FAE04EC0-301F-11D3-BF4B-00C04F79EFBC}") = "CourseMo", "CourseMo\CourseMo.csproj", "{6EBEB814-F6F5-4B9F-86BA-66FF2A737191}"
EndProject
Global
	GlobalSection(SolutionConfigurationPlatforms) = preSolution
		Debug|Any CPU = Debug|Any CPU
		Release|Any CPU = Release|Any CPU
	EndGlobalSection
	GlobalSection(ProjectConfigurationPlatforms) = postSolution
		{6EBEB814-F6F5-4B9F-86BA-66FF2A737191}.Debug|Any CPU.ActiveCfg = Debug|Any CPU
		{6EBEB814-F6F5-4B9F-86BA-66FF2A737191}.Debug|Any CPU.Build.0 = Debug|Any CPU
		{6EBEB814-F6F5-4B9F-86BA-66FF2A737191}.Release|Any CPU.ActiveCfg = Release|Any CPU
		{6EBEB814-F6F5-4B9F-86BA-66FF2A737191}.Release|Any CPU.Build.0 = Release|Any CPU
	EndGlobalSection
	GlobalSection(SolutionProperties) = preSolution
		HideSolutionNode = FALSE
	EndGlobalSection
	GlobalSection(ExtensibilityGlobals) = postSolution
		SolutionGuid = {ECE08A97-FEF2-4B83-8821-5D354B774DDC}
	EndGlobalSection
EndGlobal
